
Microsoft Visual Studio Solution File, Format Version 12.00
# Visual Studio Version 17
VisualStudioVersion = 17.12.35527.113
MinimumVisualStudioVersion = 10.0.40219.1
Project("{FAE04EC0-301F-11D3-BF4B-00C04F79EFBC}") = "OrderMicroservice.Api", "OrderMicroservice.Api\OrderMicroservice.Api.csproj", "{2DFE1A14-DDF4-4FC5-98E2-7E5FF2DE2668}"
EndProject
Project("{FAE04EC0-301F-11D3-BF4B-00C04F79EFBC}") = "BusinessLogicLayer", "BusinessLogicLayer\BusinessLogicLayer.csproj", "{7B37A54C-5B03-4FD9-B770-CE422D08890B}"
EndProject
Project("{FAE04EC0-301F-11D3-BF4B-00C04F79EFBC}") = "DataAccessLayer", "DataAccessLayer\DataAccessLayer.csproj", "{9B67F5FD-1B76-4500-A0D5-580D8780B6A2}"
EndProject
Project("{E53339B2-1760-4266-BCC7-CA923CBCF16C}") = "docker-compose", "docker-compose.dcproj", "{F0C48EEF-823D-4967-938C-9F2DE73D14C8}"
EndProject
Project("{FAE04EC0-301F-11D3-BF4B-00C04F79EFBC}") = "ApiGatway", "ApiGatway\ApiGatway.csproj", "{A625B101-2120-4988-BAEB-587253E57E91}"
EndProject
Global
	GlobalSection(SolutionConfigurationPlatforms) = preSolution
		Debug|Any CPU = Debug|Any CPU
		Release|Any CPU = Release|Any CPU
	EndGlobalSection
	GlobalSection(ProjectConfigurationPlatforms) = postSolution
		{2DFE1A14-DDF4-4FC5-98E2-7E5FF2DE2668}.Debug|Any CPU.ActiveCfg = Debug|Any CPU
		{2DFE1A14-DDF4-4FC5-98E2-7E5FF2DE2668}.Debug|Any CPU.Build.0 = Debug|Any CPU
		{2DFE1A14-DDF4-4FC5-98E2-7E5FF2DE2668}.Release|Any CPU.ActiveCfg = Release|Any CPU
		{2DFE1A14-DDF4-4FC5-98E2-7E5FF2DE2668}.Release|Any CPU.Build.0 = Release|Any CPU
		{7B37A54C-5B03-4FD9-B770-CE422D08890B}.Debug|Any CPU.ActiveCfg = Debug|Any CPU
		{7B37A54C-5B03-4FD9-B770-CE422D08890B}.Debug|Any CPU.Build.0 = Debug|Any CPU
		{7B37A54C-5B03-4FD9-B770-CE422D08890B}.Release|Any CPU.ActiveCfg = Release|Any CPU
		{7B37A54C-5B03-4FD9-B770-CE422D08890B}.Release|Any CPU.Build.0 = Release|Any CPU
		{9B67F5FD-1B76-4500-A0D5-580D8780B6A2}.Debug|Any CPU.ActiveCfg = Debug|Any CPU
		{9B67F5FD-1B76-4500-A0D5-580D8780B6A2}.Debug|Any CPU.Build.0 = Debug|Any CPU
		{9B67F5FD-1B76-4500-A0D5-580D8780B6A2}.Release|Any CPU.ActiveCfg = Release|Any CPU
		{9B67F5FD-1B76-4500-A0D5-580D8780B6A2}.Release|Any CPU.Build.0 = Release|Any CPU
		{F0C48EEF-823D-4967-938C-9F2DE73D14C8}.Debug|Any CPU.ActiveCfg = Debug|Any CPU
		{F0C48EEF-823D-4967-938C-9F2DE73D14C8}.Debug|Any CPU.Build.0 = Debug|Any CPU
		{F0C48EEF-823D-4967-938C-9F2DE73D14C8}.Release|Any CPU.ActiveCfg = Release|Any CPU
		{F0C48EEF-823D-4967-938C-9F2DE73D14C8}.Release|Any CPU.Build.0 = Release|Any CPU
		{A625B101-2120-4988-BAEB-587253E57E91}.Debug|Any CPU.ActiveCfg = Debug|Any CPU
		{A625B101-2120-4988-BAEB-587253E57E91}.Debug|Any CPU.Build.0 = Debug|Any CPU
		{A625B101-2120-4988-BAEB-587253E57E91}.Release|Any CPU.ActiveCfg = Release|Any CPU
		{A625B101-2120-4988-BAEB-587253E57E91}.Release|Any CPU.Build.0 = Release|Any CPU
	EndGlobalSection
	GlobalSection(SolutionProperties) = preSolution
		HideSolutionNode = FALSE
	EndGlobalSection
EndGlobal
